{
  "lockfileVersion": 1,
  "plugins": {
    "gmail": {
      "source": "bundled",
      "version": "1.0.0",
      "integrity": "sha256-9f0dda967ef2e102cf549f27c639c0daa738a51d7b607209cf48cf5c01f9fe85",
      "files": {
        "_helpers.mjs": "sha256-5e30d92ec15ff1a442d974e61c37168ecf38983c11f0af7da221fdc895b9cabb",
        "index.mjs": "sha256-9cc0f810894f477fec0ccfd69a4a4e12f36c81392a3eddfe4383cae2feb10079",
        "manifest.json": "sha256-71651ecc13bb3f8e7a224e289ef224fc5bf0d524782092312cc506761b3d32c5",
        "skill.md": "sha256-ed9cbcfda5686f208c1e19f14f3c54880da5603bee9faf70eab3da36dc2d58c4"
      },
      "consent": {
        "hooks": [
          "ingest"
        ],
        "requiredEnv": [
          "GMAIL_CLIENT_ID",
          "GMAIL_CLIENT_SECRET",
          "GMAIL_REFRESH_TOKEN"
        ],
        "allowedHosts": [
          "oauth2.googleapis.com",
          "gmail.googleapis.com"
        ],
        "skill": true,
        "allowsLocalhost": false
      }
    },
    "jackandjill": {
      "source": "bundled",
      "version": "1.0.0",
      "integrity": "sha256-b321c5ea41d5ce426256947c1e8c1a1eda909422c3a5db9f4013a5e25102650f",
      "files": {
        "index.mjs": "sha256-29b9f75d62f28e528f33208033f9bb7de0027b29e2dc17bf25166c90e80b3355",
        "manifest.json": "sha256-e986667845a58b3fd0faefaa9f25c36d241a742a958da114791c4bcc7f50af88",
        "skill.md": "sha256-74e0d53961f4f81ef4e692ffc6702c32b6baf79c97061083f5c10fb0e1fd6139"
      },
      "consent": {
        "hooks": [
          "ingest"
        ],
        "requiredEnv": [],
        "allowedHosts": [],
        "skill": true,
        "allowsLocalhost": false
      }
    },
    "handshake": {
      "source": "local",
      "version": "1.1.0",
      "integrity": "sha256-ffd9c5cced700bb8e5a205bf2ca41aa3db0a7862a5f1b7d3a91e36aa3688fceb",
      "files": {
        "index.mjs": "sha256-893b1b11c2212a7b0fbddf15c8a042c3af133b9a0d3da3784b042530c9605b03",
        "manifest.json": "sha256-6ea2fb78e8dcf8ac022625c79ace6093067adc7ba1e30965d7e2d8dc3dcc7698",
        "skill.md": "sha256-2e0ac1a5d220d9a421b2cac83cb3a26e444df0b91a1fed5285c28b9dd024e3b5"
      },
      "consent": {
        "hooks": [
          "ingest"
        ],
        "requiredEnv": [],
        "allowedHosts": [],
        "skill": true,
        "allowsLocalhost": false
      }
    },
    "braintrust": {
      "source": "bundled",
      "version": "1.0.0",
      "integrity": "sha256-17a24c61db3626eacb34700a42c0b3a3333e6a771a173527f2e76b290bf99ef0",
      "files": {
        "index.mjs": "sha256-a4a17eba3336db0d93ff1b1fbf3db64749248adde51b9abb2bfe48639dd99832",
        "manifest.json": "sha256-24702524cfe67774bef85b6764af96abb1b02761dea00ccc5a1df4a395f273a8",
        "skill.md": "sha256-d498699db9c39a3d9b41603f4b4489be4744e448f170f4569a9c9fada7882355"
      },
      "consent": {
        "hooks": [
          "ingest"
        ],
        "requiredEnv": [],
        "allowedHosts": [],
        "skill": true,
        "allowsLocalhost": false
      }
    },
    "contra": {
      "source": "bundled",
      "version": "1.0.0",
      "integrity": "sha256-e3aa51326f83ecfcc281ca7f01ae68e88d2b8bf0391e9789af436e40fadbd479",
      "files": {
        "index.mjs": "sha256-be18dea3c9b28ae063438ea1ab3853142ceec264a3b5a0ea322ea2dca3dd2daa",
        "manifest.json": "sha256-daa0e07f665319aac6cb2f1a31a3fd29b921dfb3bbedcd433ad580233bfcfbde",
        "skill.md": "sha256-4455b3c4b66a745ccfd2e712b0b1f7dddedaec302006e560314f0d6f99c0427c"
      },
      "consent": {
        "hooks": [
          "ingest"
        ],
        "requiredEnv": [],
        "allowedHosts": [],
        "skill": true,
        "allowsLocalhost": false
      }
    },
    "wellfound": {
      "source": "bundled",
      "version": "1.0.0",
      "integrity": "sha256-328e1ac8f063f1d079a330e8395a9cd7a962a124a25a3bcda7772943254fa0da",
      "files": {
        "index.mjs": "sha256-06f44ef408425c41119b6b2cc91c9849230820f57678931816098cc9459534fd",
        "manifest.json": "sha256-df15d80164fe8a514c85af7fb011b34763a3e861bb6d57c2f638ac675ffa05ba",
        "skill.md": "sha256-8fea8e20a7f2811cb469a5c47568614b1951165f43332e0b65bf6a9f91602d1d"
      },
      "consent": {
        "hooks": [
          "ingest"
        ],
        "requiredEnv": [],
        "allowedHosts": [],
        "skill": true,
        "allowsLocalhost": false
      }
    }
  }
}
